hash: 599929d61b32132fd7d8f7df51315cf6ecf338f11164419da1038a38415729db
updated: 2017-06-20T13:48:20.402787267-04:00
imports:
- name: github.com/agl/ed25519
  version: 278e1ec8e8a6e017cd07577924d6766039146ced
  subpackages:
  - edwards25519
- name: github.com/barnex/cuda5
  version: 57cec7ab46da74b8ca2aa1d41e898c0646081b56
  subpackages:
  - cu
- name: github.com/btcsuite/btclog
  version: 30bef3d5a6b4600e2129de8b6527ffcc1ee397ca
- name: github.com/btcsuite/go-flags
  version: 6c288d648c1cc1befcb90cb5511dcacf64ae8e61
- name: github.com/btcsuite/go-socks
  version: 4720035b7bfd2a9bb130b1c184f8bbe41b6f0d0f
  subpackages:
  - socks
- name: github.com/davecgh/go-spew
  version: 346938d642f2ec3594ed81d874461961cd0faa76
  subpackages:
  - spew
- name: github.com/decred/blake256
  version: a840e32d7c31fe2e0218607334cb120a683951a4
- name: github.com/decred/dcrd
  version: ce4b77d3d9e3a4d3393e1fa3baeee5679cad518d
  subpackages:
  - blockchain
  - blockchain/internal/dbnamespace
  - blockchain/internal/progresslog
  - blockchain/stake
  - blockchain/stake/internal/dbnamespace
  - blockchain/stake/internal/ticketdb
  - blockchain/stake/internal/tickettreap
  - chaincfg
  - chaincfg/chainec
  - chaincfg/chainhash
  - database
  - dcrec/edwards
  - dcrec/secp256k1
  - dcrec/secp256k1/schnorr
  - txscript
  - wire
- name: github.com/decred/dcrutil
  version: a5fab53cab39b793142c8453caa4c6f83bc152d4
  subpackages:
  - base58
- name: github.com/jrick/logrotate
  version: 4ed05ed86ef17d10ff99cce77481e0fcf6f2c7b0
  subpackages:
  - rotator
- name: golang.org/x/crypto
  version: adbae1b6b6fb4b02448a0fc0dbbc9ba2b95b294d
  subpackages:
  - ripemd160
testImports: []
