hash: 599929d61b32132fd7d8f7df51315cf6ecf338f11164419da1038a38415729db
updated: 2017-02-02T17:01:07.428979394-05:00
imports:
- name: github.com/barnex/cuda5
  version: 57cec7ab46da74b8ca2aa1d41e898c0646081b56
  subpackages:
  - cu
- name: github.com/btcsuite/btclog
  version: 73889fb79bd687870312b6e40effcecffbd57d30
- name: github.com/btcsuite/go-flags
  version: 6c288d648c1cc1befcb90cb5511dcacf64ae8e61
- name: github.com/btcsuite/go-socks
  version: 4720035b7bfd2a9bb130b1c184f8bbe41b6f0d0f
  subpackages:
  - socks
- name: github.com/btcsuite/golangcrypto
  version: 53f62d9b43e87a6c56975cf862af7edf33a8d0df
  subpackages:
  - ripemd160
- name: github.com/btcsuite/seelog
  version: 313961b101eb55f65ae0f03ddd4e322731763b6c
- name: github.com/davecgh/go-spew
  version: 346938d642f2ec3594ed81d874461961cd0faa76
  subpackages:
  - spew
- name: github.com/decred/blake256
  version: a840e32d7c31fe2e0218607334cb120a683951a4
- name: github.com/decred/dcrd
  version: 0b13650eb3178be7241814b2360200012258b411
  subpackages:
  - blockchain
  - blockchain/internal/dbnamespace
  - blockchain/internal/progresslog
  - blockchain/stake
  - blockchain/stake/internal/dbnamespace
  - blockchain/stake/internal/ticketdb
  - blockchain/stake/internal/tickettreap
  - chaincfg
  - chaincfg/chainec
  - chaincfg/chainhash
  - database
  - dcrec/edwards
  - dcrec/secp256k1
  - dcrec/secp256k1/schnorr
  - txscript
  - wire
- name: github.com/decred/dcrutil
  version: ba0a5f399a43abc0e1a0a0442509c36f35321bce
  subpackages:
  - base58
- name: github.com/decred/ed25519
  version: b0909d3f798b97a03c9e77023f97a5301a2a7900
  subpackages:
  - edwards25519
testImports: []
