hash: a629ff7ac31d9554df88c93ed389d830fda2bb73a5d2c53b73d362dac0538e93
updated: 2016-09-28T11:19:49.975498348-04:00
imports:
- name: github.com/btcsuite/btclog
  version: f96df2375f37300305f329b8e5258764b4f19a7f
- name: github.com/btcsuite/fastsha256
  version: 302ad4db268b46f9ebda3078f6f7397f96047735
- name: github.com/btcsuite/go-flags
  version: 6c288d648c1cc1befcb90cb5511dcacf64ae8e61
- name: github.com/btcsuite/go-socks
  version: cfe8b59e565c1a5bd4e2005d77cd9aa8b2e14524
  subpackages:
  - socks
- name: github.com/btcsuite/golangcrypto
  version: 53f62d9b43e87a6c56975cf862af7edf33a8d0df
  subpackages:
  - ripemd160
- name: github.com/btcsuite/seelog
  version: 313961b101eb55f65ae0f03ddd4e322731763b6c
- name: github.com/davecgh/go-spew
  version: 5215b55f46b2b919f50a1df0eaa5886afe4e3b3d
  subpackages:
  - spew
- name: github.com/decred/blake256
  version: a840e32d7c31fe2e0218607334cb120a683951a4
- name: github.com/decred/dcrd
  version: 83110a26ab1c9c7caa2bcdac9d4e1c5fc3192e1d
  subpackages:
  - blockchain
  - chaincfg
  - chaincfg/chainhash
  - wire
  - blockchain/stake
  - database
  - txscript
  - chaincfg/chainec
  - dcrec/edwards
  - dcrec/secp256k1
  - dcrec/secp256k1/schnorr
- name: github.com/decred/dcrutil
  version: 4a3bdb1cb08b49811674750998363b8b8ccfd66e
  subpackages:
  - base58
- name: github.com/decred/ed25519
  version: b0909d3f798b97a03c9e77023f97a5301a2a7900
  subpackages:
  - edwards25519
- name: github.com/jcvernaleo/3
  version: ff7ea4431a97bb2b389739cb9087bbc11faa1fe0
  subpackages:
  - cuda/cu
- name: golang.org/x/sys
  version: 8f0908ab3b2457e2e15403d3697c9ef5cb4b57a9
  subpackages:
  - unix
testImports: []
