# This file is autogenerated, do not edit; changes may be undone by the next 'dep ensure'.


[[projects]]
  name = "github.com/agl/ed25519"
  packages = [".","edwards25519"]
  revision = "278e1ec8e8a6e017cd07577924d6766039146ced"

[[projects]]
  branch = "master"
  name = "github.com/barnex/cuda5"
  packages = ["cu"]
  revision = "57cec7ab46da74b8ca2aa1d41e898c0646081b56"

[[projects]]
  branch = "master"
  name = "github.com/btcsuite/btclog"
  packages = ["."]
  revision = "84c8d2346e9fc8c7b947e243b9c24e6df9fd206a"

[[projects]]
  branch = "master"
  name = "github.com/btcsuite/go-flags"
  packages = ["."]
  revision = "6c288d648c1cc1befcb90cb5511dcacf64ae8e61"

[[projects]]
  branch = "master"
  name = "github.com/btcsuite/go-socks"
  packages = ["socks"]
  revision = "4720035b7bfd2a9bb130b1c184f8bbe41b6f0d0f"

[[projects]]
  branch = "master"
  name = "github.com/davecgh/go-spew"
  packages = ["spew"]
  revision = "a476722483882dd40b8111f0eb64e1d7f43f56e4"

[[projects]]
  branch = "master"
  name = "github.com/dchest/blake256"
  packages = ["."]
  revision = "dee3fe6eb0e98dc774a94fc231f85baf7c29d360"

[[projects]]
  branch = "master"
  name = "github.com/decred/dcrd"
  packages = ["blockchain","blockchain/internal/dbnamespace","blockchain/internal/progresslog","blockchain/stake","blockchain/stake/internal/dbnamespace","blockchain/stake/internal/ticketdb","blockchain/stake/internal/tickettreap","chaincfg","chaincfg/chainec","chaincfg/chainhash","database","dcrec/edwards","dcrec/secp256k1","dcrec/secp256k1/schnorr","txscript","wire"]
  revision = "f11fac8134626768ef7b1f278fd4331f004bfb49"

[[projects]]
  branch = "master"
  name = "github.com/decred/dcrutil"
  packages = [".","base58"]
  revision = "ddbde93f65ab0692e54ed8a5ad325fa2e8af4daa"

[[projects]]
  name = "github.com/jrick/logrotate"
  packages = ["rotator"]
  revision = "4ed05ed86ef17d10ff99cce77481e0fcf6f2c7b0"

[[projects]]
  name = "golang.org/x/crypto"
  packages = ["ripemd160"]
  revision = "adbae1b6b6fb4b02448a0fc0dbbc9ba2b95b294d"

[solve-meta]
  analyzer-name = "dep"
  analyzer-version = 1
  inputs-digest = "4919571b7c7b0f4116ae50ef832452943d99856b0f19a2577f89d4033e305825"
  solver-name = "gps-cdcl"
  solver-version = 1
