# This file is autogenerated, do not edit; changes may be undone by the next 'dep ensure'.


[[projects]]
  branch = "master"
  name = "github.com/agl/ed25519"
  packages = [
    ".",
    "edwards25519"
  ]
  revision = "5312a61534124124185d41f09206b9fef1d88403"

[[projects]]
  branch = "master"
  name = "github.com/barnex/cuda5"
  packages = ["cu"]
  revision = "da30a9b287d8f7ad210d42d911e33ef5c511544b"

[[projects]]
  branch = "master"
  name = "github.com/btcsuite/go-flags"
  packages = ["."]
  revision = "6c288d648c1cc1befcb90cb5511dcacf64ae8e61"

[[projects]]
  branch = "master"
  name = "github.com/btcsuite/go-socks"
  packages = ["socks"]
  revision = "4720035b7bfd2a9bb130b1c184f8bbe41b6f0d0f"

[[projects]]
  name = "github.com/davecgh/go-spew"
  packages = ["spew"]
  revision = "8991bc29aa16c548c550c7ff78260e27b9ab7c73"
  version = "v1.1.1"

[[projects]]
  name = "github.com/dchest/blake256"
  packages = ["."]
  revision = "dee3fe6eb0e98dc774a94fc231f85baf7c29d360"
  version = "v1.0.0"

[[projects]]
  name = "github.com/decred/base58"
  packages = ["."]
  revision = "56c501706f00d9e1cfacee19a27117e12da24734"
  version = "v1.0.0"

[[projects]]
  branch = "master"
  name = "github.com/decred/dcrd"
  packages = [
    "blockchain",
    "blockchain/internal/dbnamespace",
    "blockchain/internal/progresslog",
    "blockchain/stake",
    "blockchain/stake/internal/dbnamespace",
    "blockchain/stake/internal/ticketdb",
    "blockchain/stake/internal/tickettreap",
    "chaincfg",
    "chaincfg/chainec",
    "chaincfg/chainhash",
    "database",
    "dcrec",
    "dcrec/edwards",
    "dcrec/secp256k1",
    "dcrec/secp256k1/schnorr",
    "dcrjson",
    "dcrutil",
    "txscript",
    "wire"
  ]
  revision = "56f1981127f5d65c82b6ff6eb4d73b010994dd5b"

[[projects]]
  name = "github.com/decred/slog"
  packages = ["."]
  revision = "fbd821ef791ba2b8ae945f5d44f4e49396d230c5"
  version = "v1.0.0"

[[projects]]
  name = "github.com/jrick/logrotate"
  packages = ["rotator"]
  revision = "a93b200c26cbae3bb09dd0dc2c7c7fe1468a034a"
  version = "v1.0.0"

[[projects]]
  branch = "master"
  name = "golang.org/x/crypto"
  packages = ["ripemd160"]
  revision = "614d502a4dac94afa3a6ce146bd1736da82514c6"

[solve-meta]
  analyzer-name = "dep"
  analyzer-version = 1
  inputs-digest = "4bd77619a4360b3aebea16031b238f99412eb4783863b38ed10c41d940e0c424"
  solver-name = "gps-cdcl"
  solver-version = 1
