# This file is autogenerated, do not edit; changes may be undone by the next 'dep ensure'.


[[projects]]
  branch = "master"
  name = "github.com/agl/ed25519"
  packages = [
    ".",
    "edwards25519"
  ]
  revision = "278e1ec8e8a6e017cd07577924d6766039146ced"

[[projects]]
  branch = "master"
  name = "github.com/barnex/cuda5"
  packages = ["cu"]
  revision = "57cec7ab46da74b8ca2aa1d41e898c0646081b56"

[[projects]]
  branch = "master"
  name = "github.com/btcsuite/go-flags"
  packages = ["."]
  revision = "6c288d648c1cc1befcb90cb5511dcacf64ae8e61"

[[projects]]
  branch = "master"
  name = "github.com/btcsuite/go-socks"
  packages = ["socks"]
  revision = "4720035b7bfd2a9bb130b1c184f8bbe41b6f0d0f"

[[projects]]
  branch = "master"
  name = "github.com/davecgh/go-spew"
  packages = ["spew"]
  revision = "a476722483882dd40b8111f0eb64e1d7f43f56e4"

[[projects]]
  branch = "master"
  name = "github.com/dchest/blake256"
  packages = ["."]
  revision = "dee3fe6eb0e98dc774a94fc231f85baf7c29d360"

[[projects]]
  name = "github.com/decred/base58"
  packages = ["."]
  revision = "56c501706f00d9e1cfacee19a27117e12da24734"
  version = "v1.0.0"

[[projects]]
  branch = "master"
  name = "github.com/decred/dcrd"
  packages = [
    "blockchain",
    "blockchain/internal/dbnamespace",
    "blockchain/internal/progresslog",
    "blockchain/stake",
    "blockchain/stake/internal/dbnamespace",
    "blockchain/stake/internal/ticketdb",
    "blockchain/stake/internal/tickettreap",
    "chaincfg",
    "chaincfg/chainec",
    "chaincfg/chainhash",
    "database",
    "dcrec",
    "dcrec/edwards",
    "dcrec/secp256k1",
    "dcrec/secp256k1/schnorr",
    "dcrjson",
    "dcrutil",
    "txscript",
    "wire"
  ]
  revision = "56f1981127f5d65c82b6ff6eb4d73b010994dd5b"

[[projects]]
  name = "github.com/decred/slog"
  packages = ["."]
  revision = "fbd821ef791ba2b8ae945f5d44f4e49396d230c5"
  version = "v1.0.0"

[[projects]]
  name = "github.com/jrick/logrotate"
  packages = ["rotator"]
  revision = "4ed05ed86ef17d10ff99cce77481e0fcf6f2c7b0"

[[projects]]
  branch = "master"
  name = "golang.org/x/crypto"
  packages = ["ripemd160"]
  revision = "9419663f5a44be8b34ca85f08abc5fe1be11f8a3"

[solve-meta]
  analyzer-name = "dep"
  analyzer-version = 1
  inputs-digest = "4bd77619a4360b3aebea16031b238f99412eb4783863b38ed10c41d940e0c424"
  solver-name = "gps-cdcl"
  solver-version = 1
